schema: '2.0'
stages:
  get_data:
    cmd: python get_data.py
    deps:
    - path: get_data.py
      hash: md5
      md5: 48035cae186ef0afaf62e42533a7d987
      size: 368
    outs:
    - path: data/penguins_clean.csv
      hash: md5
      md5: 462e712947094cbbd67df51288630427
      size: 14950
  train:
    cmd: python train.py
    deps:
    - path: data/penguins_clean.csv
      hash: md5
      md5: 462e712947094cbbd67df51288630427
      size: 14950
    - path: train.py
      hash: md5
      md5: 45cab76231000d628be69a3ce1b8cde3
      size: 1645
    outs:
    - path: outputs/confusion_matrix.png
      hash: md5
      md5: ab163128aea789fed5ccb4d7767d28bd
      size: 17060
    - path: outputs/metrics.json
      hash: md5
      md5: 9a0379eaa11dd7b9e9995a62a5f21656
      size: 17
