schema: '2.0'
stages:
  get_data:
    cmd: python get_data.py
    deps:
    - path: get_data.py
      hash: md5
      md5: 48035cae186ef0afaf62e42533a7d987
      size: 368
    outs:
    - path: data/penguins_clean.csv
      hash: md5
      md5: 462e712947094cbbd67df51288630427
      size: 14950
  train:
    cmd: python train.py
    deps:
    - path: data/penguins_clean.csv
      hash: md5
      md5: 462e712947094cbbd67df51288630427
      size: 14950
    - path: train.py
      hash: md5
      md5: ffa7d8e2c79370a2e9ef452fb305ca92
      size: 1602
    outs:
    - path: outputs/confusion_matrix.png
      hash: md5
      md5: 60708d2df3de591b0b661b050d91cae8
      size: 14995
    - path: outputs/metrics.json
      hash: md5
      md5: 2c0ba6b627e3fa898a8124a3132fe158
      size: 32
